
Microsoft Visual Studio Solution File, Format Version 12.00
# Visual Studio Version 16
VisualStudioVersion = 16.0.31410.357
MinimumVisualStudioVersion = 10.0.40219.1
Project("{FAE04EC0-301F-11D3-BF4B-00C04F79EFBC}") = "NeosTrackerIdStabilizer", "NeosTrackerIdStabilizer\NeosTrackerIdStabilizer.csproj", "{8145E90A-52A6-4419-B37F-F089F5844BCE}"
EndProject
Global
	GlobalSection(SolutionConfigurationPlatforms) = preSolution
		Debug|Any CPU = Debug|Any CPU
		Release|Any CPU = Release|Any CPU
	EndGlobalSection
	GlobalSection(ProjectConfigurationPlatforms) = postSolution
		{8145E90A-52A6-4419-B37F-F089F5844BCE}.Debug|Any CPU.ActiveCfg = Debug|Any CPU
		{8145E90A-52A6-4419-B37F-F089F5844BCE}.Debug|Any CPU.Build.0 = Debug|Any CPU
		{8145E90A-52A6-4419-B37F-F089F5844BCE}.Release|Any CPU.ActiveCfg = Release|Any CPU
		{8145E90A-52A6-4419-B37F-F089F5844BCE}.Release|Any CPU.Build.0 = Release|Any CPU
	EndGlobalSection
	GlobalSection(SolutionProperties) = preSolution
		HideSolutionNode = FALSE
	EndGlobalSection
	GlobalSection(ExtensibilityGlobals) = postSolution
		SolutionGuid = {CEE1CEB9-58B8-4A74-9E67-EFF133CB8832}
	EndGlobalSection
EndGlobal
